# This is a Gradle generated file for dependency locking.
# Manual edits can break the build and are not advised.
# This file is expected to be part of source control.
com.squareup.moshi:moshi-kotlin:1.15.1=releaseCompileClasspath,releaseRuntimeClasspath
com.squareup.moshi:moshi:1.15.1=releaseCompileClasspath,releaseRuntimeClasspath
com.squareup.okio:okio-jvm:3.7.0=releaseCompileClasspath,releaseRuntimeClasspath
com.squareup.okio:okio:3.7.0=releaseCompileClasspath,releaseRuntimeClasspath
org.jetbrains.kotlin:kotlin-reflect:1.8.21=releaseCompileClasspath,releaseRuntimeClasspath
org.jetbrains.kotlin:kotlin-stdlib-jdk7:1.8.21=releaseCompileClasspath,releaseRuntimeClasspath
org.jetbrains.kotlin:kotlin-stdlib-jdk8:1.8.21=releaseCompileClasspath,releaseRuntimeClasspath
org.jetbrains.kotlin:kotlin-stdlib:2.3.10=releaseCompileClasspath,releaseRuntimeClasspath
org.jetbrains.kotlinx:kotlinx-coroutines-bom:1.9.0=releaseCompileClasspath,releaseRuntimeClasspath
org.jetbrains.kotlinx:kotlinx-coroutines-core-jvm:1.9.0=releaseCompileClasspath,releaseRuntimeClasspath
org.jetbrains.kotlinx:kotlinx-coroutines-core:1.9.0=releaseCompileClasspath,releaseRuntimeClasspath
org.jetbrains.kotlinx:kotlinx-datetime-jvm:0.6.1=releaseCompileClasspath,releaseRuntimeClasspath
org.jetbrains.kotlinx:kotlinx-datetime:0.6.1=releaseCompileClasspath,releaseRuntimeClasspath
org.jetbrains:annotations:23.0.0=releaseCompileClasspath,releaseRuntimeClasspath
empty=
