# This is a Gradle generated file for dependency locking.
# Manual edits can break the build and are not advised.
# This file is expected to be part of source control.
androidx.activity:activity-compose:1.9.3=fossReleaseCompileClasspath,fossReleaseRuntimeClasspath,obtainiumReleaseCompileClasspath,obtainiumReleaseRuntimeClasspath,playReleaseCompileClasspath,playReleaseRuntimeClasspath
androidx.activity:activity-ktx:1.9.3=fossReleaseCompileClasspath,fossReleaseRuntimeClasspath,obtainiumReleaseCompileClasspath,obtainiumReleaseRuntimeClasspath,playReleaseCompileClasspath,playReleaseRuntimeClasspath
androidx.activity:activity:1.9.3=fossReleaseCompileClasspath,fossReleaseRuntimeClasspath,obtainiumReleaseCompileClasspath,obtainiumReleaseRuntimeClasspath,playReleaseCompileClasspath,playReleaseRuntimeClasspath
androidx.annotation:annotation-experimental:1.5.0=fossReleaseCompileClasspath,fossReleaseRuntimeClasspath,obtainiumReleaseCompileClasspath,obtainiumReleaseRuntimeClasspath,playReleaseCompileClasspath,playReleaseRuntimeClasspath
androidx.annotation:annotation-jvm:1.9.1=fossReleaseCompileClasspath,fossReleaseRuntimeClasspath,obtainiumReleaseCompileClasspath,obtainiumReleaseRuntimeClasspath,playReleaseCompileClasspath,playReleaseRuntimeClasspath
androidx.annotation:annotation:1.9.1=fossReleaseCompileClasspath,fossReleaseRuntimeClasspath,obtainiumReleaseCompileClasspath,obtainiumReleaseRuntimeClasspath,playReleaseCompileClasspath,playReleaseRuntimeClasspath
androidx.appcompat:appcompat-resources:1.7.0=fossReleaseRuntimeClasspath,obtainiumReleaseRuntimeClasspath,playReleaseRuntimeClasspath
androidx.appcompat:appcompat:1.7.0=fossReleaseRuntimeClasspath,obtainiumReleaseRuntimeClasspath,playReleaseRuntimeClasspath
androidx.arch.core:core-common:2.2.0=fossReleaseCompileClasspath,fossReleaseRuntimeClasspath,obtainiumReleaseCompileClasspath,obtainiumReleaseRuntimeClasspath,playReleaseCompileClasspath,playReleaseRuntimeClasspath
androidx.arch.core:core-runtime:2.2.0=fossReleaseCompileClasspath,fossReleaseRuntimeClasspath,obtainiumReleaseCompileClasspath,obtainiumReleaseRuntimeClasspath,playReleaseCompileClasspath,playReleaseRuntimeClasspath
androidx.autofill:autofill:1.0.0=fossReleaseRuntimeClasspath,obtainiumReleaseRuntimeClasspath,playReleaseRuntimeClasspath
androidx.biometric:biometric:1.1.0=fossReleaseCompileClasspath,fossReleaseRuntimeClasspath,obtainiumReleaseCompileClasspath,obtainiumReleaseRuntimeClasspath,playReleaseCompileClasspath,playReleaseRuntimeClasspath
androidx.collection:collection-jvm:1.5.0=fossReleaseCompileClasspath,fossReleaseRuntimeClasspath,obtainiumReleaseCompileClasspath,obtainiumReleaseRuntimeClasspath,playReleaseCompileClasspath,playReleaseRuntimeClasspath
androidx.collection:collection-ktx:1.5.0=fossReleaseCompileClasspath,fossReleaseRuntimeClasspath,obtainiumReleaseCompileClasspath,obtainiumReleaseRuntimeClasspath,playReleaseCompileClasspath,playReleaseRuntimeClasspath
androidx.collection:collection:1.5.0=fossReleaseCompileClasspath,fossReleaseRuntimeClasspath,obtainiumReleaseCompileClasspath,obtainiumReleaseRuntimeClasspath,playReleaseCompileClasspath,playReleaseRuntimeClasspath
androidx.compose.animation:animation-android:1.12.0=fossReleaseCompileClasspath,fossReleaseRuntimeClasspath,obtainiumReleaseCompileClasspath,obtainiumReleaseRuntimeClasspath,playReleaseCompileClasspath,playReleaseRuntimeClasspath
androidx.compose.animation:animation-core-android:1.12.0=fossReleaseCompileClasspath,fossReleaseRuntimeClasspath,obtainiumReleaseCompileClasspath,obtainiumReleaseRuntimeClasspath,playReleaseCompileClasspath,playReleaseRuntimeClasspath
androidx.compose.animation:animation-core:1.12.0=fossReleaseCompileClasspath,fossReleaseRuntimeClasspath,obtainiumReleaseCompileClasspath,obtainiumReleaseRuntimeClasspath,playReleaseCompileClasspath,playReleaseRuntimeClasspath
androidx.compose.animation:animation:1.12.0=fossReleaseCompileClasspath,fossReleaseRuntimeClasspath,obtainiumReleaseCompileClasspath,obtainiumReleaseRuntimeClasspath,playReleaseCompileClasspath,playReleaseRuntimeClasspath
androidx.compose.foundation:foundation-android:1.12.0=fossReleaseCompileClasspath,fossReleaseRuntimeClasspath,obtainiumReleaseCompileClasspath,obtainiumReleaseRuntimeClasspath,playReleaseCompileClasspath,playReleaseRuntimeClasspath
androidx.compose.foundation:foundation-layout-android:1.12.0=fossReleaseCompileClasspath,fossReleaseRuntimeClasspath,obtainiumReleaseCompileClasspath,obtainiumReleaseRuntimeClasspath,playReleaseCompileClasspath,playReleaseRuntimeClasspath
androidx.compose.foundation:foundation-layout:1.12.0=fossReleaseCompileClasspath,fossReleaseRuntimeClasspath,obtainiumReleaseCompileClasspath,obtainiumReleaseRuntimeClasspath,playReleaseCompileClasspath,playReleaseRuntimeClasspath
androidx.compose.foundation:foundation:1.12.0=fossReleaseCompileClasspath,fossReleaseRuntimeClasspath,obtainiumReleaseCompileClasspath,obtainiumReleaseRuntimeClasspath,playReleaseCompileClasspath,playReleaseRuntimeClasspath
androidx.compose.material3:material3-android:1.4.0=fossReleaseCompileClasspath,fossReleaseRuntimeClasspath,obtainiumReleaseCompileClasspath,obtainiumReleaseRuntimeClasspath,playReleaseCompileClasspath,playReleaseRuntimeClasspath
androidx.compose.material3:material3-window-size-class-android:1.4.0=fossReleaseCompileClasspath,fossReleaseRuntimeClasspath,obtainiumReleaseCompileClasspath,obtainiumReleaseRuntimeClasspath,playReleaseCompileClasspath,playReleaseRuntimeClasspath
androidx.compose.material3:material3-window-size-class:1.4.0=fossReleaseCompileClasspath,fossReleaseRuntimeClasspath,obtainiumReleaseCompileClasspath,obtainiumReleaseRuntimeClasspath,playReleaseCompileClasspath,playReleaseRuntimeClasspath
androidx.compose.material3:material3:1.4.0=fossReleaseCompileClasspath,fossReleaseRuntimeClasspath,obtainiumReleaseCompileClasspath,obtainiumReleaseRuntimeClasspath,playReleaseCompileClasspath,playReleaseRuntimeClasspath
androidx.compose.material:material-icons-core-android:1.7.8=fossReleaseCompileClasspath,fossReleaseRuntimeClasspath,obtainiumReleaseCompileClasspath,obtainiumReleaseRuntimeClasspath,playReleaseCompileClasspath,playReleaseRuntimeClasspath
androidx.compose.material:material-icons-core:1.7.8=fossReleaseCompileClasspath,fossReleaseRuntimeClasspath,obtainiumReleaseCompileClasspath,obtainiumReleaseRuntimeClasspath,playReleaseCompileClasspath,playReleaseRuntimeClasspath
androidx.compose.material:material-icons-extended-android:1.7.8=fossReleaseCompileClasspath,fossReleaseRuntimeClasspath,obtainiumReleaseCompileClasspath,obtainiumReleaseRuntimeClasspath,playReleaseCompileClasspath,playReleaseRuntimeClasspath
androidx.compose.material:material-icons-extended:1.7.8=fossReleaseCompileClasspath,fossReleaseRuntimeClasspath,obtainiumReleaseCompileClasspath,obtainiumReleaseRuntimeClasspath,playReleaseCompileClasspath,playReleaseRuntimeClasspath
androidx.compose.material:material-ripple-android:1.12.0=fossReleaseCompileClasspath,fossReleaseRuntimeClasspath,obtainiumReleaseCompileClasspath,obtainiumReleaseRuntimeClasspath,playReleaseCompileClasspath,playReleaseRuntimeClasspath
androidx.compose.material:material-ripple:1.12.0=fossReleaseCompileClasspath,fossReleaseRuntimeClasspath,obtainiumReleaseCompileClasspath,obtainiumReleaseRuntimeClasspath,playReleaseCompileClasspath,playReleaseRuntimeClasspath
androidx.compose.runtime:runtime-android:1.12.0=fossReleaseCompileClasspath,fossReleaseRuntimeClasspath,obtainiumReleaseCompileClasspath,obtainiumReleaseRuntimeClasspath,playReleaseCompileClasspath,playReleaseRuntimeClasspath
androidx.compose.runtime:runtime-annotation-android:1.12.0=fossReleaseCompileClasspath,fossReleaseRuntimeClasspath,obtainiumReleaseCompileClasspath,obtainiumReleaseRuntimeClasspath,playReleaseCompileClasspath,playReleaseRuntimeClasspath
androidx.compose.runtime:runtime-annotation:1.12.0=fossReleaseCompileClasspath,fossReleaseRuntimeClasspath,obtainiumReleaseCompileClasspath,obtainiumReleaseRuntimeClasspath,playReleaseCompileClasspath,playReleaseRuntimeClasspath
androidx.compose.runtime:runtime-retain-android:1.12.0=fossReleaseCompileClasspath,fossReleaseRuntimeClasspath,obtainiumReleaseCompileClasspath,obtainiumReleaseRuntimeClasspath,playReleaseCompileClasspath,playReleaseRuntimeClasspath
androidx.compose.runtime:runtime-retain:1.12.0=fossReleaseCompileClasspath,fossReleaseRuntimeClasspath,obtainiumReleaseCompileClasspath,obtainiumReleaseRuntimeClasspath,playReleaseCompileClasspath,playReleaseRuntimeClasspath
androidx.compose.runtime:runtime-saveable-android:1.12.0=fossReleaseCompileClasspath,fossReleaseRuntimeClasspath,obtainiumReleaseCompileClasspath,obtainiumReleaseRuntimeClasspath,playReleaseCompileClasspath,playReleaseRuntimeClasspath
androidx.compose.runtime:runtime-saveable:1.12.0=fossReleaseCompileClasspath,fossReleaseRuntimeClasspath,obtainiumReleaseCompileClasspath,obtainiumReleaseRuntimeClasspath,playReleaseCompileClasspath,playReleaseRuntimeClasspath
androidx.compose.runtime:runtime:1.12.0=fossReleaseCompileClasspath,fossReleaseRuntimeClasspath,obtainiumReleaseCompileClasspath,obtainiumReleaseRuntimeClasspath,playReleaseCompileClasspath,playReleaseRuntimeClasspath
androidx.compose.ui:ui-android:1.12.0=fossReleaseCompileClasspath,fossReleaseRuntimeClasspath,obtainiumReleaseCompileClasspath,obtainiumReleaseRuntimeClasspath,playReleaseCompileClasspath,playReleaseRuntimeClasspath
androidx.compose.ui:ui-geometry-android:1.12.0=fossReleaseCompileClasspath,fossReleaseRuntimeClasspath,obtainiumReleaseCompileClasspath,obtainiumReleaseRuntimeClasspath,playReleaseCompileClasspath,playReleaseRuntimeClasspath
androidx.compose.ui:ui-geometry:1.12.0=fossReleaseCompileClasspath,fossReleaseRuntimeClasspath,obtainiumReleaseCompileClasspath,obtainiumReleaseRuntimeClasspath,playReleaseCompileClasspath,playReleaseRuntimeClasspath
androidx.compose.ui:ui-graphics-android:1.12.0=fossReleaseCompileClasspath,fossReleaseRuntimeClasspath,obtainiumReleaseCompileClasspath,obtainiumReleaseRuntimeClasspath,playReleaseCompileClasspath,playReleaseRuntimeClasspath
androidx.compose.ui:ui-graphics:1.12.0=fossReleaseCompileClasspath,fossReleaseRuntimeClasspath,obtainiumReleaseCompileClasspath,obtainiumReleaseRuntimeClasspath,playReleaseCompileClasspath,playReleaseRuntimeClasspath
androidx.compose.ui:ui-text-android:1.12.0=fossReleaseCompileClasspath,fossReleaseRuntimeClasspath,obtainiumReleaseCompileClasspath,obtainiumReleaseRuntimeClasspath,playReleaseCompileClasspath,playReleaseRuntimeClasspath
androidx.compose.ui:ui-text:1.12.0=fossReleaseCompileClasspath,fossReleaseRuntimeClasspath,obtainiumReleaseCompileClasspath,obtainiumReleaseRuntimeClasspath,playReleaseCompileClasspath,playReleaseRuntimeClasspath
androidx.compose.ui:ui-tooling-preview-android:1.12.0=fossReleaseCompileClasspath,fossReleaseRuntimeClasspath,obtainiumReleaseCompileClasspath,obtainiumReleaseRuntimeClasspath,playReleaseCompileClasspath,playReleaseRuntimeClasspath
androidx.compose.ui:ui-tooling-preview:1.12.0=fossReleaseCompileClasspath,fossReleaseRuntimeClasspath,obtainiumReleaseCompileClasspath,obtainiumReleaseRuntimeClasspath,playReleaseCompileClasspath,playReleaseRuntimeClasspath
androidx.compose.ui:ui-unit-android:1.12.0=fossReleaseCompileClasspath,fossReleaseRuntimeClasspath,obtainiumReleaseCompileClasspath,obtainiumReleaseRuntimeClasspath,playReleaseCompileClasspath,playReleaseRuntimeClasspath
androidx.compose.ui:ui-unit:1.12.0=fossReleaseCompileClasspath,fossReleaseRuntimeClasspath,obtainiumReleaseCompileClasspath,obtainiumReleaseRuntimeClasspath,playReleaseCompileClasspath,playReleaseRuntimeClasspath
androidx.compose.ui:ui-util-android:1.12.0=fossReleaseCompileClasspath,fossReleaseRuntimeClasspath,obtainiumReleaseCompileClasspath,obtainiumReleaseRuntimeClasspath,playReleaseCompileClasspath,playReleaseRuntimeClasspath
androidx.compose.ui:ui-util:1.12.0=fossReleaseCompileClasspath,fossReleaseRuntimeClasspath,obtainiumReleaseCompileClasspath,obtainiumReleaseRuntimeClasspath,playReleaseCompileClasspath,playReleaseRuntimeClasspath
androidx.compose.ui:ui:1.12.0=fossReleaseCompileClasspath,fossReleaseRuntimeClasspath,obtainiumReleaseCompileClasspath,obtainiumReleaseRuntimeClasspath,playReleaseCompileClasspath,playReleaseRuntimeClasspath
androidx.compose:compose-bom:2026.08.00=fossReleaseCompileClasspath,fossReleaseRuntimeClasspath,obtainiumReleaseCompileClasspath,obtainiumReleaseRuntimeClasspath,playReleaseCompileClasspath,playReleaseRuntimeClasspath
androidx.concurrent:concurrent-futures:1.2.0=fossReleaseCompileClasspath,fossReleaseRuntimeClasspath,obtainiumReleaseCompileClasspath,obtainiumReleaseRuntimeClasspath,playReleaseCompileClasspath,playReleaseRuntimeClasspath
androidx.core:core-ktx:1.16.0=fossReleaseCompileClasspath,fossReleaseRuntimeClasspath,obtainiumReleaseCompileClasspath,obtainiumReleaseRuntimeClasspath,playReleaseCompileClasspath,playReleaseRuntimeClasspath
androidx.core:core-splashscreen:1.2.0=fossReleaseCompileClasspath,fossReleaseRuntimeClasspath,obtainiumReleaseCompileClasspath,obtainiumReleaseRuntimeClasspath,playReleaseCompileClasspath,playReleaseRuntimeClasspath
androidx.core:core-viewtree:1.0.0=fossReleaseCompileClasspath,fossReleaseRuntimeClasspath,obtainiumReleaseCompileClasspath,obtainiumReleaseRuntimeClasspath,playReleaseCompileClasspath,playReleaseRuntimeClasspath
androidx.core:core:1.16.0=fossReleaseCompileClasspath,fossReleaseRuntimeClasspath,obtainiumReleaseCompileClasspath,obtainiumReleaseRuntimeClasspath,playReleaseCompileClasspath,playReleaseRuntimeClasspath
androidx.cursoradapter:cursoradapter:1.0.0=fossReleaseRuntimeClasspath,obtainiumReleaseRuntimeClasspath,playReleaseRuntimeClasspath
androidx.customview:customview-poolingcontainer:1.0.0=fossReleaseRuntimeClasspath,obtainiumReleaseRuntimeClasspath,playReleaseRuntimeClasspath
androidx.customview:customview:1.0.0=fossReleaseCompileClasspath,fossReleaseRuntimeClasspath,obtainiumReleaseCompileClasspath,obtainiumReleaseRuntimeClasspath,playReleaseCompileClasspath,playReleaseRuntimeClasspath
androidx.datastore:datastore-android:1.1.1=fossReleaseRuntimeClasspath,obtainiumReleaseRuntimeClasspath,playReleaseRuntimeClasspath
androidx.datastore:datastore-core-android:1.1.1=fossReleaseRuntimeClasspath,obtainiumReleaseRuntimeClasspath,playReleaseRuntimeClasspath
androidx.datastore:datastore-core-okio-jvm:1.1.1=fossReleaseRuntimeClasspath,obtainiumReleaseRuntimeClasspath,playReleaseRuntimeClasspath
androidx.datastore:datastore-core-okio:1.1.1=fossReleaseRuntimeClasspath,obtainiumReleaseRuntimeClasspath,playReleaseRuntimeClasspath
androidx.datastore:datastore-core:1.1.1=fossReleaseRuntimeClasspath,obtainiumReleaseRuntimeClasspath,playReleaseRuntimeClasspath
androidx.datastore:datastore-preferences-android:1.1.1=fossReleaseRuntimeClasspath,obtainiumReleaseRuntimeClasspath,playReleaseRuntimeClasspath
androidx.datastore:datastore-preferences-core-jvm:1.1.1=fossReleaseRuntimeClasspath,obtainiumReleaseRuntimeClasspath,playReleaseRuntimeClasspath
androidx.datastore:datastore-preferences-core:1.1.1=fossReleaseRuntimeClasspath,obtainiumReleaseRuntimeClasspath,playReleaseRuntimeClasspath
androidx.datastore:datastore-preferences:1.1.1=fossReleaseRuntimeClasspath,obtainiumReleaseRuntimeClasspath,playReleaseRuntimeClasspath
androidx.datastore:datastore:1.1.1=fossReleaseRuntimeClasspath,obtainiumReleaseRuntimeClasspath,playReleaseRuntimeClasspath
androidx.documentfile:documentfile:1.0.0=obtainiumReleaseRuntimeClasspath,playReleaseRuntimeClasspath
androidx.drawerlayout:drawerlayout:1.0.0=fossReleaseRuntimeClasspath,obtainiumReleaseRuntimeClasspath,playReleaseRuntimeClasspath
androidx.emoji2:emoji2-views-helper:1.4.0=fossReleaseRuntimeClasspath,obtainiumReleaseRuntimeClasspath,playReleaseRuntimeClasspath
androidx.emoji2:emoji2:1.4.0=fossReleaseRuntimeClasspath,obtainiumReleaseRuntimeClasspath,playReleaseRuntimeClasspath
androidx.exifinterface:exifinterface:1.3.7=fossReleaseRuntimeClasspath,obtainiumReleaseRuntimeClasspath,playReleaseRuntimeClasspath
androidx.fragment:fragment-ktx:1.8.5=fossReleaseCompileClasspath,fossReleaseRuntimeClasspath,obtainiumReleaseCompileClasspath,obtainiumReleaseRuntimeClasspath,playReleaseCompileClasspath,playReleaseRuntimeClasspath
androidx.fragment:fragment:1.8.5=fossReleaseCompileClasspath,fossReleaseRuntimeClasspath,obtainiumReleaseCompileClasspath,obtainiumReleaseRuntimeClasspath,playReleaseCompileClasspath,playReleaseRuntimeClasspath
androidx.graphics:graphics-path:1.0.1=fossReleaseRuntimeClasspath,obtainiumReleaseRuntimeClasspath,playReleaseRuntimeClasspath
androidx.hilt:hilt-common:1.2.0=fossReleaseCompileClasspath,fossReleaseRuntimeClasspath,obtainiumReleaseCompileClasspath,obtainiumReleaseRuntimeClasspath,playReleaseCompileClasspath,playReleaseRuntimeClasspath
androidx.hilt:hilt-navigation-compose:1.2.0=fossReleaseCompileClasspath,fossReleaseRuntimeClasspath,obtainiumReleaseCompileClasspath,obtainiumReleaseRuntimeClasspath,playReleaseCompileClasspath,playReleaseRuntimeClasspath
androidx.hilt:hilt-navigation:1.2.0=fossReleaseCompileClasspath,fossReleaseRuntimeClasspath,obtainiumReleaseCompileClasspath,obtainiumReleaseRuntimeClasspath,playReleaseCompileClasspath,playReleaseRuntimeClasspath
androidx.hilt:hilt-work:1.2.0=fossReleaseCompileClasspath,fossReleaseRuntimeClasspath,obtainiumReleaseCompileClasspath,obtainiumReleaseRuntimeClasspath,playReleaseCompileClasspath,playReleaseRuntimeClasspath
androidx.interpolator:interpolator:1.0.0=fossReleaseRuntimeClasspath,obtainiumReleaseRuntimeClasspath,playReleaseRuntimeClasspath
androidx.legacy:legacy-support-core-utils:1.0.0=obtainiumReleaseRuntimeClasspath,playReleaseRuntimeClasspath
androidx.lifecycle:lifecycle-common-java8:2.9.4=fossReleaseRuntimeClasspath,obtainiumReleaseRuntimeClasspath,playReleaseRuntimeClasspath
androidx.lifecycle:lifecycle-common-jvm:2.9.4=fossReleaseCompileClasspath,fossReleaseRuntimeClasspath,obtainiumReleaseCompileClasspath,obtainiumReleaseRuntimeClasspath,playReleaseCompileClasspath,playReleaseRuntimeClasspath
androidx.lifecycle:lifecycle-common:2.9.4=fossReleaseCompileClasspath,fossReleaseRuntimeClasspath,obtainiumReleaseCompileClasspath,obtainiumReleaseRuntimeClasspath,playReleaseCompileClasspath,playReleaseRuntimeClasspath
androidx.lifecycle:lifecycle-livedata-core-ktx:2.9.4=fossReleaseCompileClasspath,fossReleaseRuntimeClasspath,obtainiumReleaseCompileClasspath,obtainiumReleaseRuntimeClasspath,playReleaseCompileClasspath,playReleaseRuntimeClasspath
androidx.lifecycle:lifecycle-livedata-core:2.9.4=fossReleaseCompileClasspath,fossReleaseRuntimeClasspath,obtainiumReleaseCompileClasspath,obtainiumReleaseRuntimeClasspath,playReleaseCompileClasspath,playReleaseRuntimeClasspath
androidx.lifecycle:lifecycle-livedata:2.9.4=fossReleaseCompileClasspath,fossReleaseRuntimeClasspath,obtainiumReleaseCompileClasspath,obtainiumReleaseRuntimeClasspath,playReleaseCompileClasspath,playReleaseRuntimeClasspath
androidx.lifecycle:lifecycle-process:2.9.4=fossReleaseRuntimeClasspath,obtainiumReleaseRuntimeClasspath,playReleaseRuntimeClasspath
androidx.lifecycle:lifecycle-runtime-android:2.9.4=fossReleaseCompileClasspath,fossReleaseRuntimeClasspath,obtainiumReleaseCompileClasspath,obtainiumReleaseRuntimeClasspath,playReleaseCompileClasspath,playReleaseRuntimeClasspath
androidx.lifecycle:lifecycle-runtime-compose-android:2.9.4=fossReleaseCompileClasspath,fossReleaseRuntimeClasspath,obtainiumReleaseCompileClasspath,obtainiumReleaseRuntimeClasspath,playReleaseCompileClasspath,playReleaseRuntimeClasspath
androidx.lifecycle:lifecycle-runtime-compose:2.9.4=fossReleaseCompileClasspath,fossReleaseRuntimeClasspath,obtainiumReleaseCompileClasspath,obtainiumReleaseRuntimeClasspath,playReleaseCompileClasspath,playReleaseRuntimeClasspath
androidx.lifecycle:lifecycle-runtime-ktx-android:2.9.4=fossReleaseCompileClasspath,fossReleaseRuntimeClasspath,obtainiumReleaseCompileClasspath,obtainiumReleaseRuntimeClasspath,playReleaseCompileClasspath,playReleaseRuntimeClasspath
androidx.lifecycle:lifecycle-runtime-ktx:2.9.4=fossReleaseCompileClasspath,fossReleaseRuntimeClasspath,obtainiumReleaseCompileClasspath,obtainiumReleaseRuntimeClasspath,playReleaseCompileClasspath,playReleaseRuntimeClasspath
androidx.lifecycle:lifecycle-runtime:2.9.4=fossReleaseCompileClasspath,fossReleaseRuntimeClasspath,obtainiumReleaseCompileClasspath,obtainiumReleaseRuntimeClasspath,playReleaseCompileClasspath,playReleaseRuntimeClasspath
androidx.lifecycle:lifecycle-service:2.9.4=fossReleaseRuntimeClasspath,obtainiumReleaseRuntimeClasspath,playReleaseRuntimeClasspath
androidx.lifecycle:lifecycle-viewmodel-android:2.9.4=fossReleaseCompileClasspath,fossReleaseRuntimeClasspath,obtainiumReleaseCompileClasspath,obtainiumReleaseRuntimeClasspath,playReleaseCompileClasspath,playReleaseRuntimeClasspath
androidx.lifecycle:lifecycle-viewmodel-compose-android:2.9.4=fossReleaseCompileClasspath,fossReleaseRuntimeClasspath,obtainiumReleaseCompileClasspath,obtainiumReleaseRuntimeClasspath,playReleaseCompileClasspath,playReleaseRuntimeClasspath
androidx.lifecycle:lifecycle-viewmodel-compose:2.9.4=fossReleaseCompileClasspath,fossReleaseRuntimeClasspath,obtainiumReleaseCompileClasspath,obtainiumReleaseRuntimeClasspath,playReleaseCompileClasspath,playReleaseRuntimeClasspath
androidx.lifecycle:lifecycle-viewmodel-ktx:2.9.4=fossReleaseCompileClasspath,fossReleaseRuntimeClasspath,obtainiumReleaseCompileClasspath,obtainiumReleaseRuntimeClasspath,playReleaseCompileClasspath,playReleaseRuntimeClasspath
androidx.lifecycle:lifecycle-viewmodel-savedstate-android:2.9.4=fossReleaseCompileClasspath,fossReleaseRuntimeClasspath,obtainiumReleaseCompileClasspath,obtainiumReleaseRuntimeClasspath,playReleaseCompileClasspath,playReleaseRuntimeClasspath
androidx.lifecycle:lifecycle-viewmodel-savedstate:2.9.4=fossReleaseCompileClasspath,fossReleaseRuntimeClasspath,obtainiumReleaseCompileClasspath,obtainiumReleaseRuntimeClasspath,playReleaseCompileClasspath,playReleaseRuntimeClasspath
androidx.lifecycle:lifecycle-viewmodel:2.9.4=fossReleaseCompileClasspath,fossReleaseRuntimeClasspath,obtainiumReleaseCompileClasspath,obtainiumReleaseRuntimeClasspath,playReleaseCompileClasspath,playReleaseRuntimeClasspath
androidx.loader:loader:1.0.0=fossReleaseCompileClasspath,fossReleaseRuntimeClasspath,obtainiumReleaseCompileClasspath,obtainiumReleaseRuntimeClasspath,playReleaseCompileClasspath,playReleaseRuntimeClasspath
androidx.localbroadcastmanager:localbroadcastmanager:1.0.0=obtainiumReleaseRuntimeClasspath,playReleaseRuntimeClasspath
androidx.navigation:navigation-common-ktx:2.8.5=fossReleaseCompileClasspath,fossReleaseRuntimeClasspath,obtainiumReleaseCompileClasspath,obtainiumReleaseRuntimeClasspath,playReleaseCompileClasspath,playReleaseRuntimeClasspath
androidx.navigation:navigation-common:2.8.5=fossReleaseCompileClasspath,fossReleaseRuntimeClasspath,obtainiumReleaseCompileClasspath,obtainiumReleaseRuntimeClasspath,playReleaseCompileClasspath,playReleaseRuntimeClasspath
androidx.navigation:navigation-compose:2.8.5=fossReleaseCompileClasspath,fossReleaseRuntimeClasspath,obtainiumReleaseCompileClasspath,obtainiumReleaseRuntimeClasspath,playReleaseCompileClasspath,playReleaseRuntimeClasspath
androidx.navigation:navigation-runtime-ktx:2.8.5=fossReleaseCompileClasspath,fossReleaseRuntimeClasspath,obtainiumReleaseCompileClasspath,obtainiumReleaseRuntimeClasspath,playReleaseCompileClasspath,playReleaseRuntimeClasspath
androidx.navigation:navigation-runtime:2.8.5=fossReleaseCompileClasspath,fossReleaseRuntimeClasspath,obtainiumReleaseCompileClasspath,obtainiumReleaseRuntimeClasspath,playReleaseCompileClasspath,playReleaseRuntimeClasspath
androidx.print:print:1.0.0=obtainiumReleaseRuntimeClasspath,playReleaseRuntimeClasspath
androidx.profileinstaller:profileinstaller:1.4.1=fossReleaseRuntimeClasspath,obtainiumReleaseRuntimeClasspath,playReleaseRuntimeClasspath
androidx.resourceinspection:resourceinspection-annotation:1.0.1=fossReleaseRuntimeClasspath,obtainiumReleaseRuntimeClasspath,playReleaseRuntimeClasspath
androidx.room:room-common-jvm:2.8.4=fossReleaseRuntimeClasspath,obtainiumReleaseRuntimeClasspath,playReleaseRuntimeClasspath
androidx.room:room-common:2.8.4=fossReleaseRuntimeClasspath,obtainiumReleaseRuntimeClasspath,playReleaseRuntimeClasspath
androidx.room:room-ktx:2.8.4=fossReleaseRuntimeClasspath,obtainiumReleaseRuntimeClasspath,playReleaseRuntimeClasspath
androidx.room:room-runtime-android:2.8.4=fossReleaseRuntimeClasspath,obtainiumReleaseRuntimeClasspath,playReleaseRuntimeClasspath
androidx.room:room-runtime:2.8.4=fossReleaseRuntimeClasspath,obtainiumReleaseRuntimeClasspath,playReleaseRuntimeClasspath
androidx.savedstate:savedstate-android:1.3.2=fossReleaseCompileClasspath,fossReleaseRuntimeClasspath,obtainiumReleaseCompileClasspath,obtainiumReleaseRuntimeClasspath,playReleaseCompileClasspath,playReleaseRuntimeClasspath
androidx.savedstate:savedstate-compose-android:1.3.2=fossReleaseCompileClasspath,fossReleaseRuntimeClasspath,obtainiumReleaseCompileClasspath,obtainiumReleaseRuntimeClasspath,playReleaseCompileClasspath,playReleaseRuntimeClasspath
androidx.savedstate:savedstate-compose:1.3.2=fossReleaseCompileClasspath,fossReleaseRuntimeClasspath,obtainiumReleaseCompileClasspath,obtainiumReleaseRuntimeClasspath,playReleaseCompileClasspath,playReleaseRuntimeClasspath
androidx.savedstate:savedstate-ktx:1.3.2=fossReleaseCompileClasspath,fossReleaseRuntimeClasspath,obtainiumReleaseCompileClasspath,obtainiumReleaseRuntimeClasspath,playReleaseCompileClasspath,playReleaseRuntimeClasspath
androidx.savedstate:savedstate:1.3.2=fossReleaseCompileClasspath,fossReleaseRuntimeClasspath,obtainiumReleaseCompileClasspath,obtainiumReleaseRuntimeClasspath,playReleaseCompileClasspath,playReleaseRuntimeClasspath
androidx.security:security-crypto:1.1.0-alpha06=fossReleaseRuntimeClasspath,obtainiumReleaseRuntimeClasspath,playReleaseRuntimeClasspath
androidx.sqlite:sqlite-android:2.7.0=fossReleaseRuntimeClasspath,obtainiumReleaseRuntimeClasspath,playReleaseRuntimeClasspath
androidx.sqlite:sqlite-framework-android:2.7.0=fossReleaseRuntimeClasspath,obtainiumReleaseRuntimeClasspath,playReleaseRuntimeClasspath
androidx.sqlite:sqlite-framework:2.7.0=fossReleaseRuntimeClasspath,obtainiumReleaseRuntimeClasspath,playReleaseRuntimeClasspath
androidx.sqlite:sqlite:2.7.0=fossReleaseRuntimeClasspath,obtainiumReleaseRuntimeClasspath,playReleaseRuntimeClasspath
androidx.startup:startup-runtime:1.1.1=fossReleaseCompileClasspath,fossReleaseRuntimeClasspath,obtainiumReleaseCompileClasspath,obtainiumReleaseRuntimeClasspath,playReleaseCompileClasspath,playReleaseRuntimeClasspath
androidx.tracing:tracing:1.2.0=fossReleaseRuntimeClasspath,obtainiumReleaseRuntimeClasspath,playReleaseRuntimeClasspath
androidx.transition:transition:1.4.1=fossReleaseRuntimeClasspath,obtainiumReleaseRuntimeClasspath,playReleaseRuntimeClasspath
androidx.vectordrawable:vectordrawable-animated:1.1.0=fossReleaseRuntimeClasspath,obtainiumReleaseRuntimeClasspath,playReleaseRuntimeClasspath
androidx.vectordrawable:vectordrawable:1.1.0=fossReleaseRuntimeClasspath,obtainiumReleaseRuntimeClasspath,playReleaseRuntimeClasspath
androidx.versionedparcelable:versionedparcelable:1.1.1=fossReleaseCompileClasspath,fossReleaseRuntimeClasspath,obtainiumReleaseCompileClasspath,obtainiumReleaseRuntimeClasspath,playReleaseCompileClasspath,playReleaseRuntimeClasspath
androidx.viewpager:viewpager:1.0.0=fossReleaseCompileClasspath,fossReleaseRuntimeClasspath,obtainiumReleaseCompileClasspath,obtainiumReleaseRuntimeClasspath,playReleaseCompileClasspath,playReleaseRuntimeClasspath
androidx.window:window-core-android:1.5.0=fossReleaseRuntimeClasspath,obtainiumReleaseRuntimeClasspath,playReleaseRuntimeClasspath
androidx.window:window-core:1.5.0=fossReleaseRuntimeClasspath,obtainiumReleaseRuntimeClasspath,playReleaseRuntimeClasspath
androidx.window:window:1.5.0=fossReleaseRuntimeClasspath,obtainiumReleaseRuntimeClasspath,playReleaseRuntimeClasspath
androidx.work:work-runtime-ktx:2.9.1=fossReleaseCompileClasspath,fossReleaseRuntimeClasspath,obtainiumReleaseCompileClasspath,obtainiumReleaseRuntimeClasspath,playReleaseCompileClasspath,playReleaseRuntimeClasspath
androidx.work:work-runtime:2.9.1=fossReleaseCompileClasspath,fossReleaseRuntimeClasspath,obtainiumReleaseCompileClasspath,obtainiumReleaseRuntimeClasspath,playReleaseCompileClasspath,playReleaseRuntimeClasspath
com.github.yalantis:uCrop:2.2.9=fossReleaseRuntimeClasspath,obtainiumReleaseRuntimeClasspath,playReleaseRuntimeClasspath
com.google.accompanist:accompanist-drawablepainter:0.36.0=fossReleaseRuntimeClasspath,obtainiumReleaseRuntimeClasspath,playReleaseRuntimeClasspath
com.google.android.datatransport:transport-api:3.1.0=obtainiumReleaseCompileClasspath,obtainiumReleaseRuntimeClasspath,playReleaseCompileClasspath,playReleaseRuntimeClasspath
com.google.android.datatransport:transport-backend-cct:3.1.9=obtainiumReleaseCompileClasspath,obtainiumReleaseRuntimeClasspath,playReleaseCompileClasspath,playReleaseRuntimeClasspath
com.google.android.datatransport:transport-runtime:3.1.9=obtainiumReleaseCompileClasspath,obtainiumReleaseRuntimeClasspath,playReleaseCompileClasspath,playReleaseRuntimeClasspath
com.google.android.gms:play-services-base:18.1.0=obtainiumReleaseRuntimeClasspath,playReleaseRuntimeClasspath
com.google.android.gms:play-services-basement:18.3.0=obtainiumReleaseCompileClasspath,obtainiumReleaseRuntimeClasspath,playReleaseCompileClasspath,playReleaseRuntimeClasspath
com.google.android.gms:play-services-cloud-messaging:17.2.0=obtainiumReleaseRuntimeClasspath,playReleaseRuntimeClasspath
com.google.android.gms:play-services-stats:17.0.2=obtainiumReleaseRuntimeClasspath,playReleaseRuntimeClasspath
com.google.android.gms:play-services-tasks:18.1.0=obtainiumReleaseCompileClasspath,obtainiumReleaseRuntimeClasspath,playReleaseCompileClasspath,playReleaseRuntimeClasspath
com.google.code.findbugs:jsr305:3.0.2=fossReleaseCompileClasspath,fossReleaseRuntimeClasspath,obtainiumReleaseCompileClasspath,obtainiumReleaseRuntimeClasspath,playReleaseCompileClasspath,playReleaseRuntimeClasspath
com.google.code.gson:gson:2.8.9=fossReleaseRuntimeClasspath,obtainiumReleaseRuntimeClasspath,playReleaseRuntimeClasspath
com.google.crypto.tink:tink-android:1.8.0=fossReleaseRuntimeClasspath,obtainiumReleaseRuntimeClasspath,playReleaseRuntimeClasspath
com.google.dagger:dagger-lint-aar:2.60.1=fossReleaseCompileClasspath,fossReleaseRuntimeClasspath,obtainiumReleaseCompileClasspath,obtainiumReleaseRuntimeClasspath,playReleaseCompileClasspath,playReleaseRuntimeClasspath
com.google.dagger:dagger:2.60.1=fossReleaseCompileClasspath,fossReleaseRuntimeClasspath,obtainiumReleaseCompileClasspath,obtainiumReleaseRuntimeClasspath,playReleaseCompileClasspath,playReleaseRuntimeClasspath
com.google.dagger:hilt-android:2.60.1=fossReleaseCompileClasspath,fossReleaseRuntimeClasspath,obtainiumReleaseCompileClasspath,obtainiumReleaseRuntimeClasspath,playReleaseCompileClasspath,playReleaseRuntimeClasspath
com.google.dagger:hilt-core:2.60.1=fossReleaseCompileClasspath,fossReleaseRuntimeClasspath,obtainiumReleaseCompileClasspath,obtainiumReleaseRuntimeClasspath,playReleaseCompileClasspath,playReleaseRuntimeClasspath
com.google.errorprone:error_prone_annotations:2.26.0=obtainiumReleaseRuntimeClasspath,playReleaseRuntimeClasspath
com.google.firebase:firebase-annotations:16.2.0=obtainiumReleaseCompileClasspath,obtainiumReleaseRuntimeClasspath,playReleaseCompileClasspath,playReleaseRuntimeClasspath
com.google.firebase:firebase-common-ktx:21.0.0=obtainiumReleaseCompileClasspath,obtainiumReleaseRuntimeClasspath,playReleaseCompileClasspath,playReleaseRuntimeClasspath
com.google.firebase:firebase-common:21.0.0=obtainiumReleaseCompileClasspath,obtainiumReleaseRuntimeClasspath,playReleaseCompileClasspath,playReleaseRuntimeClasspath
com.google.firebase:firebase-components:18.0.0=obtainiumReleaseCompileClasspath,obtainiumReleaseRuntimeClasspath,playReleaseCompileClasspath,playReleaseRuntimeClasspath
com.google.firebase:firebase-datatransport:18.2.0=obtainiumReleaseCompileClasspath,obtainiumReleaseRuntimeClasspath,playReleaseCompileClasspath,playReleaseRuntimeClasspath
com.google.firebase:firebase-encoders-json:18.0.0=obtainiumReleaseCompileClasspath,obtainiumReleaseRuntimeClasspath,playReleaseCompileClasspath,playReleaseRuntimeClasspath
com.google.firebase:firebase-encoders-proto:16.0.0=obtainiumReleaseCompileClasspath,obtainiumReleaseRuntimeClasspath,playReleaseCompileClasspath,playReleaseRuntimeClasspath
com.google.firebase:firebase-encoders:17.0.0=obtainiumReleaseCompileClasspath,obtainiumReleaseRuntimeClasspath,playReleaseCompileClasspath,playReleaseRuntimeClasspath
com.google.firebase:firebase-iid-interop:17.1.0=obtainiumReleaseCompileClasspath,obtainiumReleaseRuntimeClasspath,playReleaseCompileClasspath,playReleaseRuntimeClasspath
com.google.firebase:firebase-installations-interop:17.1.1=obtainiumReleaseCompileClasspath,obtainiumReleaseRuntimeClasspath,playReleaseCompileClasspath,playReleaseRuntimeClasspath
com.google.firebase:firebase-installations:17.2.0=obtainiumReleaseCompileClasspath,obtainiumReleaseRuntimeClasspath,playReleaseCompileClasspath,playReleaseRuntimeClasspath
com.google.firebase:firebase-measurement-connector:19.0.0=obtainiumReleaseCompileClasspath,obtainiumReleaseRuntimeClasspath,playReleaseCompileClasspath,playReleaseRuntimeClasspath
com.google.firebase:firebase-messaging:24.1.2=obtainiumReleaseCompileClasspath,obtainiumReleaseRuntimeClasspath,playReleaseCompileClasspath,playReleaseRuntimeClasspath
com.google.guava:listenablefuture:1.0=fossReleaseCompileClasspath,fossReleaseRuntimeClasspath,obtainiumReleaseCompileClasspath,obtainiumReleaseRuntimeClasspath,playReleaseCompileClasspath,playReleaseRuntimeClasspath
com.google.zxing:core:3.5.3=fossReleaseRuntimeClasspath,obtainiumReleaseRuntimeClasspath,playReleaseRuntimeClasspath
com.squareup.moshi:moshi-kotlin:1.15.1=fossReleaseRuntimeClasspath,obtainiumReleaseRuntimeClasspath,playReleaseRuntimeClasspath
com.squareup.moshi:moshi:1.15.1=fossReleaseRuntimeClasspath,obtainiumReleaseRuntimeClasspath,playReleaseRuntimeClasspath
com.squareup.okhttp3:logging-interceptor:4.12.0=fossReleaseRuntimeClasspath,obtainiumReleaseRuntimeClasspath,playReleaseRuntimeClasspath
com.squareup.okhttp3:okhttp:4.12.0=fossReleaseCompileClasspath,fossReleaseRuntimeClasspath,obtainiumReleaseCompileClasspath,obtainiumReleaseRuntimeClasspath,playReleaseCompileClasspath,playReleaseRuntimeClasspath
com.squareup.okio:okio-jvm:3.9.1=fossReleaseCompileClasspath,fossReleaseRuntimeClasspath,obtainiumReleaseCompileClasspath,obtainiumReleaseRuntimeClasspath,playReleaseCompileClasspath,playReleaseRuntimeClasspath
com.squareup.okio:okio:3.9.1=fossReleaseCompileClasspath,fossReleaseRuntimeClasspath,obtainiumReleaseCompileClasspath,obtainiumReleaseRuntimeClasspath,playReleaseCompileClasspath,playReleaseRuntimeClasspath
io.coil-kt.coil3:coil-android:3.0.4=fossReleaseCompileClasspath,fossReleaseRuntimeClasspath,obtainiumReleaseCompileClasspath,obtainiumReleaseRuntimeClasspath,playReleaseCompileClasspath,playReleaseRuntimeClasspath
io.coil-kt.coil3:coil-compose-android:3.0.4=fossReleaseCompileClasspath,fossReleaseRuntimeClasspath,obtainiumReleaseCompileClasspath,obtainiumReleaseRuntimeClasspath,playReleaseCompileClasspath,playReleaseRuntimeClasspath
io.coil-kt.coil3:coil-compose-core-android:3.0.4=fossReleaseCompileClasspath,fossReleaseRuntimeClasspath,obtainiumReleaseCompileClasspath,obtainiumReleaseRuntimeClasspath,playReleaseCompileClasspath,playReleaseRuntimeClasspath
io.coil-kt.coil3:coil-compose-core:3.0.4=fossReleaseCompileClasspath,fossReleaseRuntimeClasspath,obtainiumReleaseCompileClasspath,obtainiumReleaseRuntimeClasspath,playReleaseCompileClasspath,playReleaseRuntimeClasspath
io.coil-kt.coil3:coil-compose:3.0.4=fossReleaseCompileClasspath,fossReleaseRuntimeClasspath,obtainiumReleaseCompileClasspath,obtainiumReleaseRuntimeClasspath,playReleaseCompileClasspath,playReleaseRuntimeClasspath
io.coil-kt.coil3:coil-core-android:3.0.4=fossReleaseCompileClasspath,fossReleaseRuntimeClasspath,obtainiumReleaseCompileClasspath,obtainiumReleaseRuntimeClasspath,playReleaseCompileClasspath,playReleaseRuntimeClasspath
io.coil-kt.coil3:coil-core:3.0.4=fossReleaseCompileClasspath,fossReleaseRuntimeClasspath,obtainiumReleaseCompileClasspath,obtainiumReleaseRuntimeClasspath,playReleaseCompileClasspath,playReleaseRuntimeClasspath
io.coil-kt.coil3:coil-network-core-android:3.0.4=fossReleaseCompileClasspath,fossReleaseRuntimeClasspath,obtainiumReleaseCompileClasspath,obtainiumReleaseRuntimeClasspath,playReleaseCompileClasspath,playReleaseRuntimeClasspath
io.coil-kt.coil3:coil-network-core:3.0.4=fossReleaseCompileClasspath,fossReleaseRuntimeClasspath,obtainiumReleaseCompileClasspath,obtainiumReleaseRuntimeClasspath,playReleaseCompileClasspath,playReleaseRuntimeClasspath
io.coil-kt.coil3:coil-network-okhttp-jvm:3.0.4=fossReleaseCompileClasspath,fossReleaseRuntimeClasspath,obtainiumReleaseCompileClasspath,obtainiumReleaseRuntimeClasspath,playReleaseCompileClasspath,playReleaseRuntimeClasspath
io.coil-kt.coil3:coil-network-okhttp:3.0.4=fossReleaseCompileClasspath,fossReleaseRuntimeClasspath,obtainiumReleaseCompileClasspath,obtainiumReleaseRuntimeClasspath,playReleaseCompileClasspath,playReleaseRuntimeClasspath
io.coil-kt.coil3:coil:3.0.4=fossReleaseCompileClasspath,fossReleaseRuntimeClasspath,obtainiumReleaseCompileClasspath,obtainiumReleaseRuntimeClasspath,playReleaseCompileClasspath,playReleaseRuntimeClasspath
jakarta.inject:jakarta.inject-api:2.0.1=fossReleaseCompileClasspath,fossReleaseRuntimeClasspath,obtainiumReleaseCompileClasspath,obtainiumReleaseRuntimeClasspath,playReleaseCompileClasspath,playReleaseRuntimeClasspath
javax.inject:javax.inject:1=fossReleaseCompileClasspath,fossReleaseRuntimeClasspath,obtainiumReleaseCompileClasspath,obtainiumReleaseRuntimeClasspath,playReleaseCompileClasspath,playReleaseRuntimeClasspath
net.zetetic:sqlcipher-android:4.18.0=fossReleaseRuntimeClasspath,obtainiumReleaseRuntimeClasspath,playReleaseRuntimeClasspath
org.jetbrains.compose.foundation:foundation:1.6.11=fossReleaseCompileClasspath,fossReleaseRuntimeClasspath,obtainiumReleaseCompileClasspath,obtainiumReleaseRuntimeClasspath,playReleaseCompileClasspath,playReleaseRuntimeClasspath
org.jetbrains.kotlin:kotlin-android-extensions-runtime:1.9.22=fossReleaseRuntimeClasspath,obtainiumReleaseRuntimeClasspath,playReleaseRuntimeClasspath
org.jetbrains.kotlin:kotlin-parcelize-runtime:1.9.22=fossReleaseRuntimeClasspath,obtainiumReleaseRuntimeClasspath,playReleaseRuntimeClasspath
org.jetbrains.kotlin:kotlin-reflect:1.8.21=fossReleaseRuntimeClasspath,obtainiumReleaseRuntimeClasspath,playReleaseRuntimeClasspath
org.jetbrains.kotlin:kotlin-stdlib-common:2.3.21=fossReleaseRuntimeClasspath,obtainiumReleaseRuntimeClasspath,playReleaseRuntimeClasspath
org.jetbrains.kotlin:kotlin-stdlib-jdk7:1.8.21=fossReleaseCompileClasspath,fossReleaseRuntimeClasspath
org.jetbrains.kotlin:kotlin-stdlib-jdk7:1.8.22=obtainiumReleaseCompileClasspath,obtainiumReleaseRuntimeClasspath,playReleaseCompileClasspath,playReleaseRuntimeClasspath
org.jetbrains.kotlin:kotlin-stdlib-jdk8:1.8.21=fossReleaseCompileClasspath,fossReleaseRuntimeClasspath
org.jetbrains.kotlin:kotlin-stdlib-jdk8:1.8.22=obtainiumReleaseCompileClasspath,obtainiumReleaseRuntimeClasspath,playReleaseCompileClasspath,playReleaseRuntimeClasspath
org.jetbrains.kotlin:kotlin-stdlib:2.3.21=fossReleaseCompileClasspath,fossReleaseRuntimeClasspath,obtainiumReleaseCompileClasspath,obtainiumReleaseRuntimeClasspath,playReleaseCompileClasspath,playReleaseRuntimeClasspath
org.jetbrains.kotlinx:kotlinx-coroutines-android:1.9.0=fossReleaseCompileClasspath,fossReleaseRuntimeClasspath,obtainiumReleaseCompileClasspath,obtainiumReleaseRuntimeClasspath,playReleaseCompileClasspath,playReleaseRuntimeClasspath
org.jetbrains.kotlinx:kotlinx-coroutines-bom:1.9.0=fossReleaseCompileClasspath,fossReleaseRuntimeClasspath,obtainiumReleaseCompileClasspath,obtainiumReleaseRuntimeClasspath,playReleaseCompileClasspath,playReleaseRuntimeClasspath
org.jetbrains.kotlinx:kotlinx-coroutines-core-jvm:1.9.0=fossReleaseCompileClasspath,fossReleaseRuntimeClasspath,obtainiumReleaseCompileClasspath,obtainiumReleaseRuntimeClasspath,playReleaseCompileClasspath,playReleaseRuntimeClasspath
org.jetbrains.kotlinx:kotlinx-coroutines-core:1.9.0=fossReleaseCompileClasspath,fossReleaseRuntimeClasspath,obtainiumReleaseCompileClasspath,obtainiumReleaseRuntimeClasspath,playReleaseCompileClasspath,playReleaseRuntimeClasspath
org.jetbrains.kotlinx:kotlinx-coroutines-play-services:1.9.0=obtainiumReleaseCompileClasspath,obtainiumReleaseRuntimeClasspath,playReleaseCompileClasspath,playReleaseRuntimeClasspath
org.jetbrains.kotlinx:kotlinx-datetime-jvm:0.6.1=fossReleaseCompileClasspath,fossReleaseRuntimeClasspath,obtainiumReleaseCompileClasspath,obtainiumReleaseRuntimeClasspath,playReleaseCompileClasspath,playReleaseRuntimeClasspath
org.jetbrains.kotlinx:kotlinx-datetime:0.6.1=fossReleaseCompileClasspath,fossReleaseRuntimeClasspath,obtainiumReleaseCompileClasspath,obtainiumReleaseRuntimeClasspath,playReleaseCompileClasspath,playReleaseRuntimeClasspath
org.jetbrains.kotlinx:kotlinx-serialization-bom:1.7.3=fossReleaseCompileClasspath,fossReleaseRuntimeClasspath,obtainiumReleaseCompileClasspath,obtainiumReleaseRuntimeClasspath,playReleaseCompileClasspath,playReleaseRuntimeClasspath
org.jetbrains.kotlinx:kotlinx-serialization-core-jvm:1.7.3=fossReleaseCompileClasspath,fossReleaseRuntimeClasspath,obtainiumReleaseCompileClasspath,obtainiumReleaseRuntimeClasspath,playReleaseCompileClasspath,playReleaseRuntimeClasspath
org.jetbrains.kotlinx:kotlinx-serialization-core:1.7.3=fossReleaseCompileClasspath,fossReleaseRuntimeClasspath,obtainiumReleaseCompileClasspath,obtainiumReleaseRuntimeClasspath,playReleaseCompileClasspath,playReleaseRuntimeClasspath
org.jetbrains:annotations:23.0.0=fossReleaseCompileClasspath,fossReleaseRuntimeClasspath,obtainiumReleaseCompileClasspath,obtainiumReleaseRuntimeClasspath,playReleaseCompileClasspath,playReleaseRuntimeClasspath
org.jspecify:jspecify:1.0.0=fossReleaseCompileClasspath,fossReleaseRuntimeClasspath,obtainiumReleaseCompileClasspath,obtainiumReleaseRuntimeClasspath,playReleaseCompileClasspath,playReleaseRuntimeClasspath
empty=
